
Microsoft Visual Studio Solution File, Format Version 12.00
# Visual Studio Version 17
VisualStudioVersion = 17.6.33723.286
MinimumVisualStudioVersion = 10.0.40219.1
Project("{FAE04EC0-301F-11D3-BF4B-00C04F79EFBC}") = "PopulationDb", "PopulationDb\PopulationDb.csproj", "{0904E2B1-5AA7-465D-BD2E-CAA0854F442E}"
EndProject
Global
	GlobalSection(SolutionConfigurationPlatforms) = preSolution
		Debug|Any CPU = Debug|Any CPU
		Release|Any CPU = Release|Any CPU
	EndGlobalSection
	GlobalSection(ProjectConfigurationPlatforms) = postSolution
		{0904E2B1-5AA7-465D-BD2E-CAA0854F442E}.Debug|Any CPU.ActiveCfg = Debug|Any CPU
		{0904E2B1-5AA7-465D-BD2E-CAA0854F442E}.Debug|Any CPU.Build.0 = Debug|Any CPU
		{0904E2B1-5AA7-465D-BD2E-CAA0854F442E}.Release|Any CPU.ActiveCfg = Release|Any CPU
		{0904E2B1-5AA7-465D-BD2E-CAA0854F442E}.Release|Any CPU.Build.0 = Release|Any CPU
	EndGlobalSection
	GlobalSection(SolutionProperties) = preSolution
		HideSolutionNode = FALSE
	EndGlobalSection
	GlobalSection(ExtensibilityGlobals) = postSolution
		SolutionGuid = {E9696A8D-3185-4FD2-8AC0-18F7868EF87C}
	EndGlobalSection
EndGlobal
